
Microsoft Visual Studio Solution File, Format Version 12.00
# Visual Studio Version 16
VisualStudioVersion = 16.0.31129.286
MinimumVisualStudioVersion = 10.0.40219.1
Project("{FAE04EC0-301F-11D3-BF4B-00C04F79EFBC}") = "Generics", "Generics\Generics.csproj", "{FCA06938-7E12-4230-B018-7CC1606A3DD8}"
EndProject
Project("{FAE04EC0-301F-11D3-BF4B-00C04F79EFBC}") = "UnitTestGeneric", "UnitTestGeneric\UnitTestGeneric.csproj", "{BB01B83B-9B95-4296-B92A-2941772E6A6B}"
EndProject
Global
	GlobalSection(SolutionConfigurationPlatforms) = preSolution
		Debug|Any CPU = Debug|Any CPU
		Release|Any CPU = Release|Any CPU
	EndGlobalSection
	GlobalSection(ProjectConfigurationPlatforms) = postSolution
		{FCA06938-7E12-4230-B018-7CC1606A3DD8}.Debug|Any CPU.ActiveCfg = Debug|Any CPU
		{FCA06938-7E12-4230-B018-7CC1606A3DD8}.Debug|Any CPU.Build.0 = Debug|Any CPU
		{FCA06938-7E12-4230-B018-7CC1606A3DD8}.Release|Any CPU.ActiveCfg = Release|Any CPU
		{FCA06938-7E12-4230-B018-7CC1606A3DD8}.Release|Any CPU.Build.0 = Release|Any CPU
		{BB01B83B-9B95-4296-B92A-2941772E6A6B}.Debug|Any CPU.ActiveCfg = Debug|Any CPU
		{BB01B83B-9B95-4296-B92A-2941772E6A6B}.Debug|Any CPU.Build.0 = Debug|Any CPU
		{BB01B83B-9B95-4296-B92A-2941772E6A6B}.Release|Any CPU.ActiveCfg = Release|Any CPU
		{BB01B83B-9B95-4296-B92A-2941772E6A6B}.Release|Any CPU.Build.0 = Release|Any CPU
	EndGlobalSection
	GlobalSection(SolutionProperties) = preSolution
		HideSolutionNode = FALSE
	EndGlobalSection
	GlobalSection(ExtensibilityGlobals) = postSolution
		SolutionGuid = {180A381D-6FFA-4C3A-9EE0-C35507E207B2}
	EndGlobalSection
EndGlobal
